
Microsoft Visual Studio Solution File, Format Version 12.00
# Visual Studio 2013
VisualStudioVersion = 12.0.21005.1
MinimumVisualStudioVersion = 10.0.40219.1
Project("{8BC9CEB8-8B4A-11D0-8D11-00A0C91BC942}") = "tcpserver", "tcpserver\tcpserver.vcxproj", "{6E8552F5-68AC-4075-B1BA-B2F82267A547}"
EndProject
Project("{8BC9CEB8-8B4A-11D0-8D11-00A0C91BC942}") = "tcpclient", "tcpclient\tcpclient.vcxproj", "{1675D90D-118C-4100-8AF0-7AA002606345}"
EndProject
Global
	GlobalSection(SolutionConfigurationPlatforms) = preSolution
		Debug|Win32 = Debug|Win32
		Release|Win32 = Release|Win32
	EndGlobalSection
	GlobalSection(ProjectConfigurationPlatforms) = postSolution
		{6E8552F5-68AC-4075-B1BA-B2F82267A547}.Debug|Win32.ActiveCfg = Debug|Win32
		{6E8552F5-68AC-4075-B1BA-B2F82267A547}.Debug|Win32.Build.0 = Debug|Win32
		{6E8552F5-68AC-4075-B1BA-B2F82267A547}.Release|Win32.ActiveCfg = Release|Win32
		{6E8552F5-68AC-4075-B1BA-B2F82267A547}.Release|Win32.Build.0 = Release|Win32
		{1675D90D-118C-4100-8AF0-7AA002606345}.Debug|Win32.ActiveCfg = Debug|Win32
		{1675D90D-118C-4100-8AF0-7AA002606345}.Debug|Win32.Build.0 = Debug|Win32
		{1675D90D-118C-4100-8AF0-7AA002606345}.Release|Win32.ActiveCfg = Release|Win32
		{1675D90D-118C-4100-8AF0-7AA002606345}.Release|Win32.Build.0 = Release|Win32
	EndGlobalSection
	GlobalSection(SolutionProperties) = preSolution
		HideSolutionNode = FALSE
	EndGlobalSection
EndGlobal
